dependencies:
  idf:
    source:
      type: idf
    version: 5.1.4
  joltwallet/littlefs:
    component_hash: 1808d73e99168f6f3c26dd31799a248484762b3a320ec4962dec11a145f4277f
    dependencies:
    - name: idf
      require: private
      version: '>=5.0'
    source:
      registry_url: https://components.espressif.com/
      type: service
    version: 1.20.3
direct_dependencies:
- idf
- joltwallet/littlefs
manifest_hash: b55930afda581a8418d001528691cb8df29774f8d62a7edf06b3c465f18b1c9d
target: esp32
version: 2.0.0
